
Microsoft Visual Studio Solution File, Format Version 12.00
# Visual Studio Version 17
VisualStudioVersion = 17.4.33110.190
MinimumVisualStudioVersion = 10.0.40219.1
Project("{2150E333-8FDC-42A3-9474-1A3956D46DE8}") = "src", "src", "{30090151-79B9-4D52-9D5F-92E0CFA877D8}"
EndProject
Project("{2150E333-8FDC-42A3-9474-1A3956D46DE8}") = "Api", "Api", "{189FCF61-F782-4F79-859A-02278010D80E}"
EndProject
Project("{2150E333-8FDC-42A3-9474-1A3956D46DE8}") = "Clients", "Clients", "{AAD35510-FC08-47AE-8589-9D62DCA83FC1}"
EndProject
Project("{2150E333-8FDC-42A3-9474-1A3956D46DE8}") = "Common", "Common", "{83294F34-F675-46EE-97EC-D958FCB7D42F}"
EndProject
Project("{2150E333-8FDC-42A3-9474-1A3956D46DE8}") = "Projections", "Projections", "{E41052F1-7582-4A52-8A0E-E58146621728}"
EndProject
Project("{2150E333-8FDC-42A3-9474-1A3956D46DE8}") = "Core", "Core", "{AABCB480-DD46-4B0E-B979-87C285D2DE42}"
EndProject
Project("{2150E333-8FDC-42A3-9474-1A3956D46DE8}") = "Infrastructure", "Infrastructure", "{25F0CB70-0175-44C2-BDBC-52E1DDA7D2BB}"
EndProject
Project("{2150E333-8FDC-42A3-9474-1A3956D46DE8}") = "WebApi", "WebApi", "{415535EC-F83F-4CE2-8855-F2D4D0964CE5}"
EndProject
Project("{2150E333-8FDC-42A3-9474-1A3956D46DE8}") = "BlazorWeb", "BlazorWeb", "{7BC41DF8-B385-4A6B-B68A-E8F200D8CCE3}"
EndProject
Project("{9A19103F-16F7-4668-BE54-9A1E7A4F7556}") = "ErciyesSozluk.Common", "src\Common\ErciyesSozluk.Common\ErciyesSozluk.Common.csproj", "{3932684A-EBE5-4451-9F51-4170C2A3ABE3}"
EndProject
Project("{9A19103F-16F7-4668-BE54-9A1E7A4F7556}") = "ErciyesSozluk.Api.Domain", "src\Api\Core\ErciyesSozluk.Api.Domain\ErciyesSozluk.Api.Domain.csproj", "{33EE5D94-4E5A-4EF5-81D8-8BBE2AF10615}"
EndProject
Project("{9A19103F-16F7-4668-BE54-9A1E7A4F7556}") = "ErciyesSozluk.Api.Application", "src\Api\Core\ErciyesSozluk.Api.Application\ErciyesSozluk.Api.Application.csproj", "{D8F2D33B-2DA0-4C46-8913-A819ADAF54B6}"
EndProject
Project("{9A19103F-16F7-4668-BE54-9A1E7A4F7556}") = "ErciyesSozluk.Infrastructure.Persistence", "src\Api\Infrastructure\ErciyesSozluk.Infrastructure.Persistence\ErciyesSozluk.Infrastructure.Persistence.csproj", "{0371638B-8755-4124-838D-B170036C7B77}"
EndProject
Project("{9A19103F-16F7-4668-BE54-9A1E7A4F7556}") = "ErciyesSozluk.Api.WebApi", "src\Api\WebApi\ErciyesSozluk.Api.WebApi\ErciyesSozluk.Api.WebApi.csproj", "{7ACDB516-448D-4431-9639-E4BC95DA2734}"
EndProject
Project("{9A19103F-16F7-4668-BE54-9A1E7A4F7556}") = "ErciyesSozluk.Projections.FavoriteService", "src\Projections\ErciyesSozluk.Projections.FavoriteService\ErciyesSozluk.Projections.FavoriteService.csproj", "{334C1C15-6F87-4A07-B6EF-BD6AB5F77DFD}"
EndProject
Project("{9A19103F-16F7-4668-BE54-9A1E7A4F7556}") = "ErciyesSozluk.Projections.VoteService", "src\Projections\ErciyesSozluk.Projections.VoteService\ErciyesSozluk.Projections.VoteService.csproj", "{FB47E11B-E26C-41F6-BCDF-427FAFE7F939}"
EndProject
Project("{9A19103F-16F7-4668-BE54-9A1E7A4F7556}") = "ErciyesSozluk.Projections.UserService", "src\Projections\ErciyesSozluk.Projections.UserService\ErciyesSozluk.Projections.UserService.csproj", "{0673E0FB-F734-43E1-9C3F-46BE7BED7001}"
EndProject
Project("{9A19103F-16F7-4668-BE54-9A1E7A4F7556}") = "ErciyesSozluk.WebApp", "src\Clients\BlazorWeb\ErciyesSozluk.WebApp\ErciyesSozluk.WebApp.csproj", "{C37341F5-5F63-4C13-8180-F8A5DEE8FEB7}"
EndProject
Global
	GlobalSection(SolutionConfigurationPlatforms) = preSolution
		Debug|Any CPU = Debug|Any CPU
		Release|Any CPU = Release|Any CPU
	EndGlobalSection
	GlobalSection(ProjectConfigurationPlatforms) = postSolution
		{3932684A-EBE5-4451-9F51-4170C2A3ABE3}.Debug|Any CPU.ActiveCfg = Debug|Any CPU
		{3932684A-EBE5-4451-9F51-4170C2A3ABE3}.Debug|Any CPU.Build.0 = Debug|Any CPU
		{3932684A-EBE5-4451-9F51-4170C2A3ABE3}.Release|Any CPU.ActiveCfg = Release|Any CPU
		{3932684A-EBE5-4451-9F51-4170C2A3ABE3}.Release|Any CPU.Build.0 = Release|Any CPU
		{33EE5D94-4E5A-4EF5-81D8-8BBE2AF10615}.Debug|Any CPU.ActiveCfg = Debug|Any CPU
		{33EE5D94-4E5A-4EF5-81D8-8BBE2AF10615}.Debug|Any CPU.Build.0 = Debug|Any CPU
		{33EE5D94-4E5A-4EF5-81D8-8BBE2AF10615}.Release|Any CPU.ActiveCfg = Release|Any CPU
		{33EE5D94-4E5A-4EF5-81D8-8BBE2AF10615}.Release|Any CPU.Build.0 = Release|Any CPU
		{D8F2D33B-2DA0-4C46-8913-A819ADAF54B6}.Debug|Any CPU.ActiveCfg = Debug|Any CPU
		{D8F2D33B-2DA0-4C46-8913-A819ADAF54B6}.Debug|Any CPU.Build.0 = Debug|Any CPU
		{D8F2D33B-2DA0-4C46-8913-A819ADAF54B6}.Release|Any CPU.ActiveCfg = Release|Any CPU
		{D8F2D33B-2DA0-4C46-8913-A819ADAF54B6}.Release|Any CPU.Build.0 = Release|Any CPU
		{0371638B-8755-4124-838D-B170036C7B77}.Debug|Any CPU.ActiveCfg = Debug|Any CPU
		{0371638B-8755-4124-838D-B170036C7B77}.Debug|Any CPU.Build.0 = Debug|Any CPU
		{0371638B-8755-4124-838D-B170036C7B77}.Release|Any CPU.ActiveCfg = Release|Any CPU
		{0371638B-8755-4124-838D-B170036C7B77}.Release|Any CPU.Build.0 = Release|Any CPU
		{7ACDB516-448D-4431-9639-E4BC95DA2734}.Debug|Any CPU.ActiveCfg = Debug|Any CPU
		{7ACDB516-448D-4431-9639-E4BC95DA2734}.Debug|Any CPU.Build.0 = Debug|Any CPU
		{7ACDB516-448D-4431-9639-E4BC95DA2734}.Release|Any CPU.ActiveCfg = Release|Any CPU
		{7ACDB516-448D-4431-9639-E4BC95DA2734}.Release|Any CPU.Build.0 = Release|Any CPU
		{334C1C15-6F87-4A07-B6EF-BD6AB5F77DFD}.Debug|Any CPU.ActiveCfg = Debug|Any CPU
		{334C1C15-6F87-4A07-B6EF-BD6AB5F77DFD}.Debug|Any CPU.Build.0 = Debug|Any CPU
		{334C1C15-6F87-4A07-B6EF-BD6AB5F77DFD}.Release|Any CPU.ActiveCfg = Release|Any CPU
		{334C1C15-6F87-4A07-B6EF-BD6AB5F77DFD}.Release|Any CPU.Build.0 = Release|Any CPU
		{FB47E11B-E26C-41F6-BCDF-427FAFE7F939}.Debug|Any CPU.ActiveCfg = Debug|Any CPU
		{FB47E11B-E26C-41F6-BCDF-427FAFE7F939}.Debug|Any CPU.Build.0 = Debug|Any CPU
		{FB47E11B-E26C-41F6-BCDF-427FAFE7F939}.Release|Any CPU.ActiveCfg = Release|Any CPU
		{FB47E11B-E26C-41F6-BCDF-427FAFE7F939}.Release|Any CPU.Build.0 = Release|Any CPU
		{0673E0FB-F734-43E1-9C3F-46BE7BED7001}.Debug|Any CPU.ActiveCfg = Debug|Any CPU
		{0673E0FB-F734-43E1-9C3F-46BE7BED7001}.Debug|Any CPU.Build.0 = Debug|Any CPU
		{0673E0FB-F734-43E1-9C3F-46BE7BED7001}.Release|Any CPU.ActiveCfg = Release|Any CPU
		{0673E0FB-F734-43E1-9C3F-46BE7BED7001}.Release|Any CPU.Build.0 = Release|Any CPU
		{C37341F5-5F63-4C13-8180-F8A5DEE8FEB7}.Debug|Any CPU.ActiveCfg = Debug|Any CPU
		{C37341F5-5F63-4C13-8180-F8A5DEE8FEB7}.Debug|Any CPU.Build.0 = Debug|Any CPU
		{C37341F5-5F63-4C13-8180-F8A5DEE8FEB7}.Release|Any CPU.ActiveCfg = Release|Any CPU
		{C37341F5-5F63-4C13-8180-F8A5DEE8FEB7}.Release|Any CPU.Build.0 = Release|Any CPU
	EndGlobalSection
	GlobalSection(SolutionProperties) = preSolution
		HideSolutionNode = FALSE
	EndGlobalSection
	GlobalSection(NestedProjects) = preSolution
		{189FCF61-F782-4F79-859A-02278010D80E} = {30090151-79B9-4D52-9D5F-92E0CFA877D8}
		{AAD35510-FC08-47AE-8589-9D62DCA83FC1} = {30090151-79B9-4D52-9D5F-92E0CFA877D8}
		{83294F34-F675-46EE-97EC-D958FCB7D42F} = {30090151-79B9-4D52-9D5F-92E0CFA877D8}
		{E41052F1-7582-4A52-8A0E-E58146621728} = {30090151-79B9-4D52-9D5F-92E0CFA877D8}
		{AABCB480-DD46-4B0E-B979-87C285D2DE42} = {189FCF61-F782-4F79-859A-02278010D80E}
		{25F0CB70-0175-44C2-BDBC-52E1DDA7D2BB} = {189FCF61-F782-4F79-859A-02278010D80E}
		{415535EC-F83F-4CE2-8855-F2D4D0964CE5} = {189FCF61-F782-4F79-859A-02278010D80E}
		{7BC41DF8-B385-4A6B-B68A-E8F200D8CCE3} = {AAD35510-FC08-47AE-8589-9D62DCA83FC1}
		{3932684A-EBE5-4451-9F51-4170C2A3ABE3} = {83294F34-F675-46EE-97EC-D958FCB7D42F}
		{33EE5D94-4E5A-4EF5-81D8-8BBE2AF10615} = {AABCB480-DD46-4B0E-B979-87C285D2DE42}
		{D8F2D33B-2DA0-4C46-8913-A819ADAF54B6} = {AABCB480-DD46-4B0E-B979-87C285D2DE42}
		{0371638B-8755-4124-838D-B170036C7B77} = {25F0CB70-0175-44C2-BDBC-52E1DDA7D2BB}
		{7ACDB516-448D-4431-9639-E4BC95DA2734} = {415535EC-F83F-4CE2-8855-F2D4D0964CE5}
		{334C1C15-6F87-4A07-B6EF-BD6AB5F77DFD} = {E41052F1-7582-4A52-8A0E-E58146621728}
		{FB47E11B-E26C-41F6-BCDF-427FAFE7F939} = {E41052F1-7582-4A52-8A0E-E58146621728}
		{0673E0FB-F734-43E1-9C3F-46BE7BED7001} = {E41052F1-7582-4A52-8A0E-E58146621728}
		{C37341F5-5F63-4C13-8180-F8A5DEE8FEB7} = {7BC41DF8-B385-4A6B-B68A-E8F200D8CCE3}
	EndGlobalSection
	GlobalSection(ExtensibilityGlobals) = postSolution
		SolutionGuid = {4E4736F8-A2D6-456A-8AA9-93F2DDF58C7D}
	EndGlobalSection
EndGlobal
